
Microsoft Visual Studio Solution File, Format Version 12.00
# Visual Studio 15
VisualStudioVersion = 15.0.27130.2036
MinimumVisualStudioVersion = 10.0.40219.1
Project("{FAE04EC0-301F-11D3-BF4B-00C04F79EFBC}") = "music", "music\music.csproj", "{14265D8B-0F7A-41D2-83DF-32409839828C}"
EndProject
Global
	GlobalSection(SolutionConfigurationPlatforms) = preSolution
		Debug|Any CPU = Debug|Any CPU
		Release|Any CPU = Release|Any CPU
	EndGlobalSection
	GlobalSection(ProjectConfigurationPlatforms) = postSolution
		{14265D8B-0F7A-41D2-83DF-32409839828C}.Debug|Any CPU.ActiveCfg = Debug|Any CPU
		{14265D8B-0F7A-41D2-83DF-32409839828C}.Debug|Any CPU.Build.0 = Debug|Any CPU
		{14265D8B-0F7A-41D2-83DF-32409839828C}.Release|Any CPU.ActiveCfg = Release|Any CPU
		{14265D8B-0F7A-41D2-83DF-32409839828C}.Release|Any CPU.Build.0 = Release|Any CPU
	EndGlobalSection
	GlobalSection(SolutionProperties) = preSolution
		HideSolutionNode = FALSE
	EndGlobalSection
	GlobalSection(ExtensibilityGlobals) = postSolution
		SolutionGuid = {9E2A0931-38F5-41B4-B1D1-BC518712E269}
	EndGlobalSection
EndGlobal
